
Class: Warlock
Description: |
  Years of dedicated study have yielded results, though the scholarship of the dark arts is not akin to the arcane. Standing before you is a woman who does not manipulate the strings of magic - no, she destroys them, weaving a tunnel of sorts to an unfathomable source of eldrich energy that pulses ominously around her, stirring unease into your soul. Out of nowhere, she laughs, and her features soften into a kind smile directed at you. Despite society's rejection, she is no monster. She, too, is human, with emotions and heart, however dark it may be.
  Warlocks are practicioners of the occult or outer magic and techniques beyond the normal domain. Using a blade, fell magic and even stealing powers away from the enemies, each warlock has its own source for their powers, by study, persuasiveness or pure chance.
  A warlock is a spellcaster attuned to the unknown and bizarre, who only needs to rest inbetween fights, and every encounter wakes the power in them anew - this time, sleep is not for the wicked.

Quick Note: A warlock is a spellcaster attuned to the unknown and bizarre, who only needs to rest inbetween fights, and every encounter wakes the power in them anew - this time, sleep is not for the wicked.

Difficulty: Medium

Weapons: You are Trained in 2 Weapon Categories of choice (e.g. 1-Handed Melee, 2-Handed Ranged, Shields, etc).



Level Up:
  Every Level: 
    Health: 4


Spellcasting:
  Type: Special Mana-based
  SpellsOrAbilities: Spell

  Mana:
    Amount: 1
    Regain: Your Mana reset after every combat.
    Per: per Worthy Combat

  Change: You can change your known Spells and Talents inbetween Adventures.
  Other: All Warlock-specific Abilities are considered Spells.
  Known Basic Abilities: 2 + Intelligence (minimum 1)
  BaseKnownSpells: 2



Starting Abilities:

  ~Affiance Casting~:
    A: Special
    AlignOnWebsite: Left
    Effect: |
      You have 2 Mana Points that can't increase.
      Your Mana replenishes inbetween Worthy Combats.

  ~Evoke~:     # 2?
    _Value: 2
    A: Passive
    HasMixins: true
    Effect: |
      You start each Worthy Combat with 0 Evoke Points.
      When you roll at least 1 maximum die on any Act, gain 1 Evoke Point.
      Some Spells can consume all Evoke Points to gain an improved effect ^for each Evoke Point spent^.
    Upgrade: Spells that consume EP do not produce EP.
    Notes: You must spend ^all^ EP when you decide to.

  ~Power Source~: # Ok
    A: Passive
    Effect: |
      Your powers have an external source. Choose another Class and an Element. You can get Level 1 Talents from that Class.
      You take -50% Damage from that Element.
    Upgrade: |
      You are bound to a Power Source: something vast, unknowable, or unstable. It might be a pact, a curse, a parasite, a god, or a force of nature. You choose what it is, and when the power speaks you listen.
    Notes: |
      The Class and Element you choose must be thematically tied to your power source, but you can theme it however you want! Be creative!

Ability Choices:

    ~Hail~:   # Adds AoE (+0.65/EP)
        A: 1 Action
        Range: 4 meters
        HasMixins: true
        Degree: Minor
        Tags: [Damage, Multi-Target Damage]
        Effect: |
            Blast a Unit for 2d8 + ^target's Might^ Damage of your chosen Element.

            {Evoke}: Hits an extra Unit (for 1d8 + ^that Unit's Might^) for each Evoke Point spend.
        Combo: Generates an extra Evoke Point.
        Notes: Each extra Unit hit must be different than the others.

    ~Wyrd Renewal~: # Adds healing
        A: Half-Action
        Range: 5 meters
        Degree: Lesser
        Requirement: Only usable in Worthy Combat
        Tags: [Healing, Damage]
        Effect: |
            Roll 1d12 - 5. After you see the result, choose a Worthy Unit.
            If it's negative, deal Scourge Damage to it. Otherwise, heal it.

            {Evoke}: +50% Damage or Healing per Evoke Point spent.
        Combo: +50% Damage or Healing

    ~Deathfire Flame~:  # Adds insane Damage (+1/EP)
        A: 1 Action
        Cost: 1 Mana
        Range: 10 meters
        Degree: Major
        Tags: Area Damage
        Effect: |
            Shoot a bolt of deathly fire in a 1x10 meter line. All Units it touches take 1d4 + 1d6 + 1d8 Scourge or Fire Damage (your choice).

            {Evoke}: Deals an extra ^higher^ die Damage for each Evoke Point spent.
        Notes: For 1 Evoke Point, deals +1d10 Damage. For 2 spent, deals +1d10 + 1d12. And so on.

    ~Curse of Pain~:  # Adds DoT (+0.5/EP)
        A: 0 Actions
        Cost: 1 Mana
        Range: 5 meters
        Duration: 1 minute
        Requirement: Level 4
        Tags: Damage
        Effect: |
            Choose a Unit. At the start of each of your Turns, it takes 1d4 Scourge Damage (ignoring Cover).

            {Evoke}: Has ^Dice Upgraded^ for each Evoke Point spent.

    ~Psyche Blast~: # Adds CC (+1/EP)
        A: 1 Action
        Range: 3 meters
        Cost: 1 Mana
        HasMixins: true
        Degree: Major
        Tags: [Damage, Crowd Control]
        Effect: |
            A Unit takes 4d6 Psychic Damage.
            Apply a ~Combo~ to it.

            {Evoke}: Single-Stuns the target for each Evoke Point spent.
        Notes: |
            Cover is applied normally. Note that Single-Stuns can stack to become Double-Stunned or Triple-Stunned.

    ~Ebon Lance~: # Adds single-target Damage (+0.65/EP)
      _Value: 0.75
      A: 0 Actions
      Cost: 1 Mana
      Effect: |
        Your next {Type} weapon attack deals {Amount} Damage.
        The Damage Types becomes of your chosen element Type.

        {Evoke}: +1d4 per Evoke Point spent.
      Variants:
        - Type: melee
          Amount: 1d6
        - Type: ranged
          Amount: 1d4

Utility:

    ~Disenchantment~ :
        HasMixins: true
        A: 0 Actions
        Duration: Until end of Adventure
        Cooldown: 1 real hour
        Requirement: Level 3
        Degree: Lesser
        Tags: Roleplaying
        Effect: |
            A person you can see must pass a Presensce Roll against your Presensce Roll or have its Initiative (rolls) halved, have -2 to non-combat Rolls, and be afflicted by minor curse effects (e.g. is clumsy, stumbles, get pimples, etc).
        Notes: |
            Be creative with the effects of the minor curse effects!

    ~Compel~:
        A: 0 Actions
        Range: 5 meters
        Degree: Minor
        Duration: Lasts until they can't see/hear you
        Cooldown: 1 real hour
        Tags: Roleplaying
        Effect: |
            Choose a Unit you can see. You have +1d2 to Presensce Rolls against it.
        Notes: The target can't tell it was affected unless it knows about this type of magic.

    ~Oculus~:
        A: 0 Actions
        Range: 5 meters
        Duration: Until end of next Adventure
        Cooldown: Once / Adventure
        Degree: Lesser
        Tags: [Roleplaying, Utility]
        Effect: |
            You conjure a magical eye that records everything it sees. It can be a Tuner Eye or Recording Eye.
            At will, a Tuner Eye allows you to see what it sees, live, in your mind.
            A Recording Eye records everything it sees. You can retrieve it to see everything recorded in it.

    ~Thaumaturgy~:
        HasMixins: true
        A: 1 Action
        Range: 5 meters
        Degree: Lesser
        Effect: |
            You create one of the following magical effects:
            {Diamond} Your voice booms up to three times as loud as normal for 1 minute.
            {Diamond} You cause flames to flicker, brighten, dim, or change color for 1 minute.
            {Diamond} You cause harmless tremors in the ground for 1 minute.
            {Diamond} You cause an unlocked door or window to fly open or slam shut.
            {Diamond} You alter the appearance of your eyes for 1 minute.
        Upgrade: |
            At Level 4 you can cast this for Half-Action, and at Level 7, for 0 Actions.


Talents:

  Level 2 - Minor Talent:
    
    ~Soul Drain~: # Adds AoE farming (+1.25/EP)
      _Value: 0.25
      A: Half-Action
      Cost: 1 Mana
      Range: 5 meters
      Effect: |
        Deal 6 True Damage to 2 Units.
        For each killed, heal for 4 Health or gain +1 Max Health permanently (your choice).

        {Evoke}: Hits 1 extra Unit per Evoke Point spent.

    ~Empower~:  # No idea
      _Value: Combo, irdk
      A: 0 Actions
      Cost: 1 Mana
      Effect: |
        Your next Spell has its ^Dice Upgraded^ to the next die type.

        {Evoke}: Has ^Dice Upgraded^ one type higher per Evoke Point spent.
      Upgrade: A die that goes higher than d12 just gets a +1 per extra type.
      Notes: "{DiceUpgraded}"

    ~Veinlight~:  # Adds opportunity
      A: 3 Action Points
      Range: 5 meters to edge
      Effect: |
        All Units in a 2x2 meter area take 3d4 Damage of your chosen Element and are Single-Stunned.

        {Evoke}: +1 meter area (all directions).

    ~Curse of Weakness~:  # Improves debuff
        A: Half-Action
        Range: 5 meters
        Cost: 1 Mana
        Duration: 1 minute
        Degree: Minor
        Tags: Debuff
        Effect: |
          Choose a Unit. The first time it deals Damage on its every Turn, roll 1d4 and subtract it from its dealt Damage.

          {Evoke}: Has ^Dice Upgraded^ for each Evoke Point spent.
        Upgrade: Only affects an Epic monster's first turn.

  Level 3 - Keystone Talent:

    ~Aura of Ruin~:
      _Value: 2.5
      A: 0 Actions
      Requirement: Only usable the moment Combat starts
      Cooldown: Once / Adventure
      Effect: Reduce the Max Health of all enemies by 10%.

    ~Cursemaster~:
      _Value: 2
      A: Passive
      Effect: |
        When cast, your Curses affect an additional Unit, but you can only cast a Curse once per Turn.
    
    ~Blood Dividend~:
      _Value: 1.5
      A: 0 Action Points
      Range: 5 meters from you to healed Unit
      Cooldown: Once / Turn
      Requirement: Only usable in Worthy Combat
      Effect: |
        Your next weapon attack or Spell deals -50% Damage, but heals another Unit for the Damage dealt.
        Then it applies a ~Combo~ to one of them.
    
    ~Borrowed Power~:
      A: Passive
      Effect: |
        You start the first Combat of each Adventure with 1 Evoke Point.
        You age 12 times as rapidly.

  Level 4 - Minor Talent:

    ~Curse of Frailty~: # Adds massive Damage
        _Value: Baseline, 0, but can go up to 1 if used correctly
        A: Half-Action
        Cost: 1 Mana
        Tags: Debuff
        Effect: |
          A Unit you can see takes +50% Damage the next time it takes Damage from an ally.

          {Evoke}: +50% extra Damage per Evoke Point spent.

    ~Hail Torrent~:   # Adds AoE (+0.65/EP)
        A: 1 Action
        Range: 4 meters
        HasMixins: true
        Degree: Minor
        IconName: Hail
        HasUpgradeIcon: true
        Replacement: Replaces Hail
        Requirement: Requires Hail
        Tags: [Damage, Multi-Target Damage]
        Effect: |
            Blast a Unit for ~2d10~ + ^target's Might^ Damage of your chosen Element.

            {Evoke}: Hits an extra Unit (for ~1d10~ + ^that Unit's Might^) for each Evoke Point spend.
        Combo: Generates an extra Evoke Point.
        Notes: Each extra Unit hit must be different than the others.

    ~Invoke Kindred~: # Adds summon (implicitly adds defense) (0.75/EP)
      A: 1 Action
      Range: 10 meters to each invoked point
      Cost: 1 Mana
      Duration: 1 minute
      Height: 30
      Effect: |
        Invoke 3 _Kindred Beings_, each within 10 meters from you. These are creatures themed and shaped to your chosen Power Source, which will do your bidding before returning to their original world.

        {Evoke}: +1 summon per Evoke Point spent.
      Monster:
        Name: Kindred Being
        Health: 1
        Description: Has a Half-Action. Takes its Turn at the end of your Turn.
        Speed: 4 meters
        Stats: 0/0/0/0/0
        Abilities:
            ~Attack~:
                A: Half-Action (from it)
                Range: 3 meters
                Effect: Deal 1d6 Damage of your chosen Element, or use an Item or Default Ability.

  Level 5 - Keystone Talent:

    <Blood Pact>:       # 2? Can be strong but not _that_ strong
      _Value: 2
      A: 0 Actions
      Cooldown: Once / Adventure
      Effect: |
        This turn, all Damage you deal is increased by 50%. Every time you roll maximum on a die, take 5 Psychic Damage.
      Notes: The 50% increase is not applied to the 5 Psychic Damage.

    <Final Word>:
      _Value: 3
      A: Passive
      Effect: When you have exactly 1 Mana, and you cast a Spell that cost 1 Mana, that Spell casts twice (for free).
      Notes: This is akin to casting the Spell again for 0 Actions without spending Mana (not necessarily on the same target).

    <Higher Evoke>:
      _Value: 2
      A: Passive
      HasMixins: true
      IconName: Evoke
      HasUpgradeIcon: true
      Replacement: Replaces Evoke
      Effect: |
        You start each Worthy Combat with ~1 Evoke Point~.
        When you roll ~maximum on a die in Worthy Combat~, gain 1 Evoke Point.
        Some Spells can consume all Evoke Points to gain an improved effect ^for each Evoke Point spent^.
      Upgrade: Spells that consume EP do not produce EP.
      Notes: You must spend ^all^ EP when you decide to.

    # <Agile Development>:
    #   _Value: 1.25
    #   A: Passive
    #   Effect: A Basic Spell that costs Mana and can't deal Damage costs 0 Actions once per Turn.

    <Invoke Self>:
      _Value: 0.5
      A: Passive
      Effect: Whenever you roll maximum on a die against a Worthy Unit (or for healing), teleport 3 meters.
      Notes: |
        You need Line of Sight to the destination point.

  Level 6 - Utility Talent:

    ~Translation~:
        A: Passive
        Degree: Lesser
        Effect: You can understand any spoken or written language that's either Common (Dwarvish, Elvish) or Wild (spoken by "wild", tribal socities, such as Orcish, Goblan, Sylvan, etc).

    ~Decaying Blight~:
        A: Channeled
        Cooldown: 1 hour
        Range: 10 meters
        Degree: Lesser
        Effect: |
            Channel to spawn a blight that spreads a 1x1 meter space away from a chosen space for each 1 Action channeled.
            The blight kills small plants, insects and rots wood and rusts metal. It also makes fertile soil infertile, turns textile and paper materials into dust and decays food and poisons water.
            You can channel a number of times (Actions) equal to your Level.
            While within the Blight, you have +1 to all non-combat Rolls.
        Notes: |
            You can choose to ommit some of the effects of this blight.
            This Ability is not meant for combat.
            Be creative with how you use this little Spell!



  Level 7 - Keystone Talent:
    <Placeholder>:
      Effect: None



  Level 9 - Keystone Talent:
    <Placeholder>:
      Effect: None




  Level 10 - Ultimate Talent:

    <Invoke Old God>:
      A: 1 Action
      Cooldown: Once / Lifetime
      HasMixins: true
      Effect: |
        You bring forth into the mortal realm a manifestation of your source of power - an old god from the `Pets and Animals page$/Other/PetsAndAnimals`.
        You do not control it - it has its own Turn and Initiative in combat and possesses its own will. What will you compromise to forcefully drag an unknowable entity into the mortal plane?
        Also, passively, you gain +2 Intelligence and Sense, and you automatically pass all Impossible Intelligence Checks (requiring at least 25).
      Downside: "{Ultimate}"

    <The Dark Ritual>:
      A: Half-Action
      Effect: |
        Spend any amount of Mana. Your next Spell has +50% Damage, Healing, area diameter and range for each Mana spent.
        After that, restore all your Mana.
      HasMixins: true
      Downside: "{Ultimate}"
